
Microsoft Visual Studio Solution File, Format Version 12.00
# Visual Studio Version 17
VisualStudioVersion = 17.1.32113.165
MinimumVisualStudioVersion = 10.0.40219.1
Project("{FAE04EC0-301F-11D3-BF4B-00C04F79EFBC}") = "DapperTest.App", "DapperTest.App\DapperTest.App.csproj", "{A67CD703-F0CE-441D-B49B-244684B6424F}"
EndProject
Project("{FAE04EC0-301F-11D3-BF4B-00C04F79EFBC}") = "DepperTest.Model", "DepperTest.Model\DepperTest.Model.csproj", "{CA14E69A-05D7-42B6-BB27-7826007C31E3}"
EndProject
Project("{FAE04EC0-301F-11D3-BF4B-00C04F79EFBC}") = "DepperTest.DB_Lib", "DepperTest.DB_Lib\DepperTest.DB_Lib.csproj", "{E8023E48-A054-4943-B072-231E994A42EC}"
EndProject
Global
	GlobalSection(SolutionConfigurationPlatforms) = preSolution
		Debug|Any CPU = Debug|Any CPU
		Release|Any CPU = Release|Any CPU
	EndGlobalSection
	GlobalSection(ProjectConfigurationPlatforms) = postSolution
		{A67CD703-F0CE-441D-B49B-244684B6424F}.Debug|Any CPU.ActiveCfg = Debug|Any CPU
		{A67CD703-F0CE-441D-B49B-244684B6424F}.Debug|Any CPU.Build.0 = Debug|Any CPU
		{A67CD703-F0CE-441D-B49B-244684B6424F}.Release|Any CPU.ActiveCfg = Release|Any CPU
		{A67CD703-F0CE-441D-B49B-244684B6424F}.Release|Any CPU.Build.0 = Release|Any CPU
		{CA14E69A-05D7-42B6-BB27-7826007C31E3}.Debug|Any CPU.ActiveCfg = Debug|Any CPU
		{CA14E69A-05D7-42B6-BB27-7826007C31E3}.Debug|Any CPU.Build.0 = Debug|Any CPU
		{CA14E69A-05D7-42B6-BB27-7826007C31E3}.Release|Any CPU.ActiveCfg = Release|Any CPU
		{CA14E69A-05D7-42B6-BB27-7826007C31E3}.Release|Any CPU.Build.0 = Release|Any CPU
		{E8023E48-A054-4943-B072-231E994A42EC}.Debug|Any CPU.ActiveCfg = Debug|Any CPU
		{E8023E48-A054-4943-B072-231E994A42EC}.Debug|Any CPU.Build.0 = Debug|Any CPU
		{E8023E48-A054-4943-B072-231E994A42EC}.Release|Any CPU.ActiveCfg = Release|Any CPU
		{E8023E48-A054-4943-B072-231E994A42EC}.Release|Any CPU.Build.0 = Release|Any CPU
	EndGlobalSection
	GlobalSection(SolutionProperties) = preSolution
		HideSolutionNode = FALSE
	EndGlobalSection
	GlobalSection(ExtensibilityGlobals) = postSolution
		SolutionGuid = {53F873F8-0D34-4A19-BF63-A83681ECEB17}
	EndGlobalSection
EndGlobal
